
Microsoft Visual Studio Solution File, Format Version 12.00
# Visual Studio Version 17
VisualStudioVersion = 17.4.33213.308
MinimumVisualStudioVersion = 10.0.40219.1
Project("{FAE04EC0-301F-11D3-BF4B-00C04F79EFBC}") = "HelloWorld", "HelloWorld\HelloWorld.csproj", "{510519B0-6915-4C2B-8050-AB4B876E7914}"
EndProject
Project("{FAE04EC0-301F-11D3-BF4B-00C04F79EFBC}") = "PictureViewer", "PictureViewer\PictureViewer.csproj", "{43D02F1A-8DE4-4500-B259-377A3C1C3099}"
EndProject
Project("{FAE04EC0-301F-11D3-BF4B-00C04F79EFBC}") = "MathsQuiz", "MathsQuiz\MathsQuiz.csproj", "{D7E1CE07-5D17-46E5-812B-A83071E28CB7}"
EndProject
Project("{FAE04EC0-301F-11D3-BF4B-00C04F79EFBC}") = "MatchingGame", "MatchingGame\MatchingGame.csproj", "{DDCB720B-3801-4496-B4CD-8AE357B3CD54}"
EndProject
Project("{FAE04EC0-301F-11D3-BF4B-00C04F79EFBC}") = "SampleDatabaseWalkthrough", "SampleDatabaseWalkthrough\SampleDatabaseWalkthrough.csproj", "{6AF37ECE-6939-494F-96BF-7AE076D87501}"
EndProject
Project("{FAE04EC0-301F-11D3-BF4B-00C04F79EFBC}") = "SamplePDFGenerator", "SamplePDFGenerator\SamplePDFGenerator.csproj", "{C091BD0D-41A3-46F4-AEBD-DCAF6CF764F0}"
EndProject
Project("{9A19103F-16F7-4668-BE54-9A1E7A4F7556}") = "myMLAppV2", "myMLAppV2\myMLAppV2.csproj", "{B60AC2B4-AC20-4DCD-A693-1557BFE662D1}"
EndProject
Project("{9A19103F-16F7-4668-BE54-9A1E7A4F7556}") = "GitHubIssueClassifier", "GitHubIssueClassifier\GitHubIssueClassifier.csproj", "{6ED534D2-1303-428F-A5F6-AC76B344CB97}"
EndProject
Project("{FAE04EC0-301F-11D3-BF4B-00C04F79EFBC}") = "SentimentModelUI", "SentimentModelUI\SentimentModelUI.csproj", "{9C14BB88-97E7-46ED-8F3E-6D475F60F7E3}"
EndProject
Global
	GlobalSection(SolutionConfigurationPlatforms) = preSolution
		Debug|Any CPU = Debug|Any CPU
		Release|Any CPU = Release|Any CPU
	EndGlobalSection
	GlobalSection(ProjectConfigurationPlatforms) = postSolution
		{510519B0-6915-4C2B-8050-AB4B876E7914}.Debug|Any CPU.ActiveCfg = Debug|Any CPU
		{510519B0-6915-4C2B-8050-AB4B876E7914}.Debug|Any CPU.Build.0 = Debug|Any CPU
		{510519B0-6915-4C2B-8050-AB4B876E7914}.Release|Any CPU.ActiveCfg = Release|Any CPU
		{510519B0-6915-4C2B-8050-AB4B876E7914}.Release|Any CPU.Build.0 = Release|Any CPU
		{43D02F1A-8DE4-4500-B259-377A3C1C3099}.Debug|Any CPU.ActiveCfg = Debug|Any CPU
		{43D02F1A-8DE4-4500-B259-377A3C1C3099}.Debug|Any CPU.Build.0 = Debug|Any CPU
		{43D02F1A-8DE4-4500-B259-377A3C1C3099}.Release|Any CPU.ActiveCfg = Release|Any CPU
		{43D02F1A-8DE4-4500-B259-377A3C1C3099}.Release|Any CPU.Build.0 = Release|Any CPU
		{D7E1CE07-5D17-46E5-812B-A83071E28CB7}.Debug|Any CPU.ActiveCfg = Debug|Any CPU
		{D7E1CE07-5D17-46E5-812B-A83071E28CB7}.Debug|Any CPU.Build.0 = Debug|Any CPU
		{D7E1CE07-5D17-46E5-812B-A83071E28CB7}.Release|Any CPU.ActiveCfg = Release|Any CPU
		{D7E1CE07-5D17-46E5-812B-A83071E28CB7}.Release|Any CPU.Build.0 = Release|Any CPU
		{DDCB720B-3801-4496-B4CD-8AE357B3CD54}.Debug|Any CPU.ActiveCfg = Debug|Any CPU
		{DDCB720B-3801-4496-B4CD-8AE357B3CD54}.Debug|Any CPU.Build.0 = Debug|Any CPU
		{DDCB720B-3801-4496-B4CD-8AE357B3CD54}.Release|Any CPU.ActiveCfg = Release|Any CPU
		{DDCB720B-3801-4496-B4CD-8AE357B3CD54}.Release|Any CPU.Build.0 = Release|Any CPU
		{6AF37ECE-6939-494F-96BF-7AE076D87501}.Debug|Any CPU.ActiveCfg = Debug|Any CPU
		{6AF37ECE-6939-494F-96BF-7AE076D87501}.Debug|Any CPU.Build.0 = Debug|Any CPU
		{6AF37ECE-6939-494F-96BF-7AE076D87501}.Release|Any CPU.ActiveCfg = Release|Any CPU
		{6AF37ECE-6939-494F-96BF-7AE076D87501}.Release|Any CPU.Build.0 = Release|Any CPU
		{C091BD0D-41A3-46F4-AEBD-DCAF6CF764F0}.Debug|Any CPU.ActiveCfg = Debug|Any CPU
		{C091BD0D-41A3-46F4-AEBD-DCAF6CF764F0}.Debug|Any CPU.Build.0 = Debug|Any CPU
		{C091BD0D-41A3-46F4-AEBD-DCAF6CF764F0}.Release|Any CPU.ActiveCfg = Release|Any CPU
		{C091BD0D-41A3-46F4-AEBD-DCAF6CF764F0}.Release|Any CPU.Build.0 = Release|Any CPU
		{B60AC2B4-AC20-4DCD-A693-1557BFE662D1}.Debug|Any CPU.ActiveCfg = Debug|Any CPU
		{B60AC2B4-AC20-4DCD-A693-1557BFE662D1}.Debug|Any CPU.Build.0 = Debug|Any CPU
		{B60AC2B4-AC20-4DCD-A693-1557BFE662D1}.Release|Any CPU.ActiveCfg = Release|Any CPU
		{B60AC2B4-AC20-4DCD-A693-1557BFE662D1}.Release|Any CPU.Build.0 = Release|Any CPU
		{6ED534D2-1303-428F-A5F6-AC76B344CB97}.Debug|Any CPU.ActiveCfg = Debug|Any CPU
		{6ED534D2-1303-428F-A5F6-AC76B344CB97}.Debug|Any CPU.Build.0 = Debug|Any CPU
		{6ED534D2-1303-428F-A5F6-AC76B344CB97}.Release|Any CPU.ActiveCfg = Release|Any CPU
		{6ED534D2-1303-428F-A5F6-AC76B344CB97}.Release|Any CPU.Build.0 = Release|Any CPU
		{9C14BB88-97E7-46ED-8F3E-6D475F60F7E3}.Debug|Any CPU.ActiveCfg = Debug|Any CPU
		{9C14BB88-97E7-46ED-8F3E-6D475F60F7E3}.Debug|Any CPU.Build.0 = Debug|Any CPU
		{9C14BB88-97E7-46ED-8F3E-6D475F60F7E3}.Release|Any CPU.ActiveCfg = Release|Any CPU
		{9C14BB88-97E7-46ED-8F3E-6D475F60F7E3}.Release|Any CPU.Build.0 = Release|Any CPU
	EndGlobalSection
	GlobalSection(SolutionProperties) = preSolution
		HideSolutionNode = FALSE
	EndGlobalSection
	GlobalSection(ExtensibilityGlobals) = postSolution
		SolutionGuid = {ED672A8F-E73E-46CE-A768-32F56BAA1F47}
	EndGlobalSection
EndGlobal
